
Microsoft Visual Studio Solution File, Format Version 12.00
# Visual Studio Version 16
VisualStudioVersion = 16.0.31019.35
MinimumVisualStudioVersion = 10.0.40219.1
Project("{FAE04EC0-301F-11D3-BF4B-00C04F79EFBC}") = "SchoolData_NunitTest", "SchoolData_NunitTest\SchoolData_NunitTest.csproj", "{9B8164A7-0788-4234-BF6A-5582D9A360D8}"
EndProject
Project("{FAE04EC0-301F-11D3-BF4B-00C04F79EFBC}") = "SchoolData_NunitTestTests", "SchoolData_NunitTestTests\SchoolData_NunitTestTests.csproj", "{7C0ACCCA-9A27-4735-AFA2-DAC4AC1684B3}"
EndProject
Global
	GlobalSection(SolutionConfigurationPlatforms) = preSolution
		Debug|Any CPU = Debug|Any CPU
		Release|Any CPU = Release|Any CPU
	EndGlobalSection
	GlobalSection(ProjectConfigurationPlatforms) = postSolution
		{9B8164A7-0788-4234-BF6A-5582D9A360D8}.Debug|Any CPU.ActiveCfg = Debug|Any CPU
		{9B8164A7-0788-4234-BF6A-5582D9A360D8}.Debug|Any CPU.Build.0 = Debug|Any CPU
		{9B8164A7-0788-4234-BF6A-5582D9A360D8}.Release|Any CPU.ActiveCfg = Release|Any CPU
		{9B8164A7-0788-4234-BF6A-5582D9A360D8}.Release|Any CPU.Build.0 = Release|Any CPU
		{7C0ACCCA-9A27-4735-AFA2-DAC4AC1684B3}.Debug|Any CPU.ActiveCfg = Debug|Any CPU
		{7C0ACCCA-9A27-4735-AFA2-DAC4AC1684B3}.Debug|Any CPU.Build.0 = Debug|Any CPU
		{7C0ACCCA-9A27-4735-AFA2-DAC4AC1684B3}.Release|Any CPU.ActiveCfg = Release|Any CPU
		{7C0ACCCA-9A27-4735-AFA2-DAC4AC1684B3}.Release|Any CPU.Build.0 = Release|Any CPU
	EndGlobalSection
	GlobalSection(SolutionProperties) = preSolution
		HideSolutionNode = FALSE
	EndGlobalSection
	GlobalSection(ExtensibilityGlobals) = postSolution
		SolutionGuid = {0DF936F4-BAE7-47EB-ACCC-D2C1D954E838}
	EndGlobalSection
EndGlobal
